[{<<"cowboy">>,{pkg,<<"cowboy">>,<<"1.0.4">>},0},
 {<<"cowboy_swagger">>,{pkg,<<"cowboy_swagger">>,<<"1.1.0">>},0},
 {<<"cowlib">>,{pkg,<<"cowlib">>,<<"1.0.2">>},1},
 {<<"goldrush">>,{pkg,<<"goldrush">>,<<"0.1.8">>},2},
 {<<"iso8601">>,{pkg,<<"inaka_iso8601">>,<<"1.1.2">>},0},
 {<<"jiffy">>,{pkg,<<"jiffy">>,<<"0.14.7">>},0},
 {<<"lager">>,{pkg,<<"lager">>,<<"3.2.1">>},1},
 {<<"mixer">>,{pkg,<<"inaka_mixer">>,<<"0.1.5">>},0},
 {<<"quickrand">>,{pkg,<<"quickrand">>,<<"1.5.2">>},2},
 {<<"ranch">>,{pkg,<<"ranch">>,<<"1.2.1">>},1},
 {<<"sumo_db">>,{pkg,<<"sumo_db">>,<<"0.6.1">>},0},
 {<<"trails">>,{pkg,<<"trails">>,<<"0.2.0">>},0},
 {<<"uuid">>,{pkg,<<"uuid_erl">>,<<"1.5.2-rc1">>},1},
 {<<"worker_pool">>,{pkg,<<"worker_pool">>,<<"2.0.1">>},1}].
