{"1.1.0",
[{<<"cowboy">>,{pkg,<<"cowboy">>,<<"1.0.4">>},0},
 {<<"cowboy_swagger">>,{pkg,<<"cowboy_swagger">>,<<"1.1.0">>},0},
 {<<"cowlib">>,{pkg,<<"cowlib">>,<<"1.0.2">>},1},
 {<<"goldrush">>,{pkg,<<"goldrush">>,<<"0.1.8">>},2},
 {<<"iso8601">>,{pkg,<<"inaka_iso8601">>,<<"1.1.2">>},0},
 {<<"jiffy">>,{pkg,<<"jiffy">>,<<"0.14.7">>},0},
 {<<"lager">>,{pkg,<<"lager">>,<<"3.2.1">>},1},
 {<<"mixer">>,{pkg,<<"inaka_mixer">>,<<"0.1.5">>},0},
 {<<"quickrand">>,{pkg,<<"quickrand">>,<<"1.5.2">>},2},
 {<<"ranch">>,{pkg,<<"ranch">>,<<"1.2.1">>},1},
 {<<"sumo_db">>,{pkg,<<"sumo_db">>,<<"0.6.1">>},0},
 {<<"trails">>,{pkg,<<"trails">>,<<"0.2.0">>},0},
 {<<"uuid">>,{pkg,<<"uuid_erl">>,<<"1.5.2-rc1">>},1},
 {<<"worker_pool">>,{pkg,<<"worker_pool">>,<<"2.0.1">>},1}]}.
[
{pkg_hash,[
 {<<"cowboy">>, <<"A324A8DF9F2316C833A470D918AAF73AE894278B8AA6226CE7A9BF699388F878">>},
 {<<"cowboy_swagger">>, <<"D1141F847B2313D9959383D241294FF786948C66E97086CBE9C0B877FB06A601">>},
 {<<"cowlib">>, <<"9D769A1D062C9C3AC753096F868CA121E2730B9A377DE23DEC0F7E08B1DF84EE">>},
 {<<"goldrush">>, <<"2024BA375CEEA47E27EA70E14D2C483B2D8610101B4E852EF7F89163CDB6E649">>},
 {<<"iso8601">>, <<"6D84BBA9641FA39802E6B53C57E0B61B2F61BF8E81C112356B57BE8DA31DE771">>},
 {<<"jiffy">>, <<"9F33B893EDD6041CEAE03BC1E50B412E858CC80B46F3D7535A7A9940A79A1C37">>},
 {<<"lager">>, <<"EEF4E18B39E4195D37606D9088EA05BF1B745986CF8EC84F01D332456FE88D17">>},
 {<<"mixer">>, <<"754630C0E60221B23E4D83ADF6E789A8B283855E23F9391EEC40980E6E800486">>},
 {<<"quickrand">>, <<"C4811DE7B7E660387DEF3CF584A23BAD5A1A082A11C37A6E931F3916BB4619C1">>},
 {<<"ranch">>, <<"A6FB992C10F2187B46FFD17CE398DDF8A54F691B81768F9EF5F461EA7E28C762">>},
 {<<"sumo_db">>, <<"6D7BF7FEA90D8E41DEA894379A4E945622B8BFDDBB3EEF31D79B3D0CA3084056">>},
 {<<"trails">>, <<"8A26C8F32B2A4D317830FAF55F034CC532D849547686806B83063AA1F65213D2">>},
 {<<"uuid">>, <<"D4022AB3F4F1A28E86EA15D4075CB0C57EC908D8AF1CA2E8AF28AA815EF93C3A">>},
 {<<"worker_pool">>, <<"B90273074898FA89434317991E00884DBBAFFAB5BFD964A7586317CD16FB18D4">>}]}
].
